{
  "version": 4,
  "terraform_version": "1.10.2",
  "serial": 5,
  "lineage": "b3473fa8-5e1b-f361-261e-c5246f93a7c9",
  "outputs": {},
  "resources": [
    {
      "mode": "data",
      "type": "spotify_search_track",
      "name": "rybak",
      "provider": "provider[\"registry.terraform.io/conradludgate/spotify\"]",
      "instances": [
        {
          "schema_version": 0,
          "attributes": {
            "album": null,
            "artist": "alexander rybak",
            "explicit": true,
            "id": "1734272095",
            "limit": 10,
            "name": null,
            "tracks": [
              {
                "album": "6EWWmTEOXI58PL13vNk67S",
                "artists": [
                  "3LLNDXrxL4uxXtnUJS5XWM"
                ],
                "id": "3MnAsEBBsEj86d03RgO4EM",
                "name": "Fairytale"
              },
              {
                "album": "7k1b8wzjRsSTmIBuRlBrxp",
                "artists": [
                  "3LLNDXrxL4uxXtnUJS5XWM"
                ],
                "id": "6NgYIETQ8U72CVfkzYhK30",
                "name": "Fairytale"
              },
              {
                "album": "1ZLh8AwdQH1AcSp3TSsj8O",
                "artists": [
                  "3LLNDXrxL4uxXtnUJS5XWM"
                ],
                "id": "6AeJ1NHPJl41MlQO9mBRMe",
                "name": "Europe´s Skies"
              },
              {
                "album": "5412T5nviztbiIct4dqT3P",
                "artists": [
                  "3LLNDXrxL4uxXtnUJS5XWM"
                ],
                "id": "2kcIpczCfISk5Rc9cCDWtS",
                "name": "KOTIK"
              },
              {
                "album": "4uqe0uHMxv5R2nfnYaMkG8",
                "artists": [
                  "3LLNDXrxL4uxXtnUJS5XWM"
                ],
                "id": "1PtWCZ8khUKv0icaEtACkq",
                "name": "Memories"
              },
              {
                "album": "1ZLh8AwdQH1AcSp3TSsj8O",
                "artists": [
                  "3LLNDXrxL4uxXtnUJS5XWM"
                ],
                "id": "1sHbaCM2XvVxOSi792Gxv4",
                "name": "Oah"
              },
              {
                "album": "22bwiWKCjAV8zvCmBc3ogV",
                "artists": [
                  "3LLNDXrxL4uxXtnUJS5XWM"
                ],
                "id": "7KEkgsZbrO537a2WtJUoAt",
                "name": "Leave Me Alone"
              },
              {
                "album": "7k1b8wzjRsSTmIBuRlBrxp",
                "artists": [
                  "3LLNDXrxL4uxXtnUJS5XWM"
                ],
                "id": "01DMYNJJh0sVdTHdAegMDv",
                "name": "Roll with the Wind"
              },
              {
                "album": "7k1b8wzjRsSTmIBuRlBrxp",
                "artists": [
                  "3LLNDXrxL4uxXtnUJS5XWM"
                ],
                "id": "15aBo6SFWQjNZpIzUX70h3",
                "name": "Kiss and Tell"
              },
              {
                "album": "282XaxNiNZggEVcTusGRTt",
                "artists": [
                  "6KCxe5mJlHDJlKEXbNFLsP",
                  "3LLNDXrxL4uxXtnUJS5XWM"
                ],
                "id": "2nLS48VLLSsZTw2e4bVJ8o",
                "name": "Wonderland"
              }
            ],
            "year": null
          },
          "sensitive_attributes": []
        }
      ]
    },
    {
      "mode": "managed",
      "type": "spotify_playlist",
      "name": "perfect",
      "provider": "provider[\"registry.terraform.io/conradludgate/spotify\"]",
      "instances": [
        {
          "schema_version": 0,
          "attributes": {
            "description": "",
            "id": "0J2nGim54KUdz9jPjDoaIk",
            "name": "setchuko's Perfect",
            "public": true,
            "snapshot_id": "AAAAAo8uZSC3l+kSYxpKxmZnMAnV8Bs3",
            "tracks": [
              "3MnAsEBBsEj86d03RgO4EM",
              "6NgYIETQ8U72CVfkzYhK30"
            ]
          },
          "sensitive_attributes": [],
          "private": "bnVsbA==",
          "dependencies": [
            "data.spotify_search_track.rybak"
          ]
        }
      ]
    },
    {
      "mode": "managed",
      "type": "spotify_playlist",
      "name": "sufi",
      "provider": "provider[\"registry.terraform.io/conradludgate/spotify\"]",
      "instances": [
        {
          "schema_version": 0,
          "attributes": {
            "description": "",
            "id": "5eHCDVIA2Wk5koh1ag8Vm9",
            "name": "sufi songs",
            "public": true,
            "snapshot_id": "AAAAAkDj4iAscURCQaJYaT30zAC0tA4c",
            "tracks": [
              "7F8RNvTQlvbeBLeenycvN6"
            ]
          },
          "sensitive_attributes": [],
          "private": "bnVsbA=="
        }
      ]
    }
  ],
  "check_results": null
}
